// !$*UTF8*$!
{
	archiveVersion = 1;
	classes = {
	};
	objectVersion = 50;
	objects = {

/* Begin PBXBuildFile section */
		3930BFC821E87E82000ECBDB /* AppDelegate.swift in Sources */ = {isa = PBXBuildFile; fileRef = 3930BFC721E87E82000ECBDB /* AppDelegate.swift */; };
		3930BFCA21E87E83000ECBDB /* ViewController.swift in Sources */ = {isa = PBXBuildFile; fileRef = 3930BFC921E87E83000ECBDB /* ViewController.swift */; };
		3930BFCD21E87E83000ECBDB /* Main.storyboard in Resources */ = {isa = PBXBuildFile; fileRef = 3930BFCB21E87E83000ECBDB /* Main.storyboard */; };
		3930BFCF21E87E8E000ECBDB /* Assets.xcassets in Resources */ = {isa = PBXBuildFile; fileRef = 3930BFCE21E87E8E000ECBDB /* Assets.xcassets */; };
		3930BFD221E87E8E000ECBDB /* LaunchScreen.storyboard in Resources */ = {isa = PBXBuildFile; fileRef = 3930BFD021E87E8E000ECBDB /* LaunchScreen.storyboard */; };
		3930BFDC21E88306000ECBDB /* DetailViewController.swift in Sources */ = {isa = PBXBuildFile; fileRef = 3930BFDB21E88306000ECBDB /* DetailViewController.swift */; };
		3930BFDE21E883C1000ECBDB /* ATZoomBounceAnimation.swift in Sources */ = {isa = PBXBuildFile; fileRef = 3930BFDD21E883C1000ECBDB /* ATZoomBounceAnimation.swift */; };
/* End PBXBuildFile section */

/* Begin PBXFileReference section */
		3930BFC421E87E82000ECBDB /* ATZoomBounceAnimation.app */ = {isa = PBXFileReference; explicitFileType = wrapper.application; includeInIndex = 0; path = ATZoomBounceAnimation.app; sourceTree = BUILT_PRODUCTS_DIR; };
		3930BFC721E87E82000ECBDB /* AppDelegate.swift */ = {isa = PBXFileReference; lastKnownFileType = sourcecode.swift; path = AppDelegate.swift; sourceTree = "<group>"; };
		3930BFC921E87E83000ECBDB /* ViewController.swift */ = {isa = PBXFileReference; lastKnownFileType = sourcecode.swift; path = ViewController.swift; sourceTree = "<group>"; };
		3930BFCC21E87E83000ECBDB /* Base */ = {isa = PBXFileReference; lastKnownFileType = file.storyboard; name = Base; path = Base.lproj/Main.storyboard; sourceTree = "<group>"; };
		3930BFCE21E87E8E000ECBDB /* Assets.xcassets */ = {isa = PBXFileReference; lastKnownFileType = folder.assetcatalog; path = Assets.xcassets; sourceTree = "<group>"; };
		3930BFD121E87E8E000ECBDB /* Base */ = {isa = PBXFileReference; lastKnownFileType = file.storyboard; name = Base; path = Base.lproj/LaunchScreen.storyboard; sourceTree = "<group>"; };
		3930BFD321E87E8E000ECBDB /* Info.plist */ = {isa = PBXFileReference; lastKnownFileType = text.plist.xml; path = Info.plist; sourceTree = "<group>"; };
		3930BFDB21E88306000ECBDB /* DetailViewController.swift */ = {isa = PBXFileReference; lastKnownFileType = sourcecode.swift; path = DetailViewController.swift; sourceTree = "<group>"; };
		3930BFDD21E883C1000ECBDB /* ATZoomBounceAnimation.swift */ = {isa = PBXFileReference; fileEncoding = 4; lastKnownFileType = sourcecode.swift; path = ATZoomBounceAnimation.swift; sourceTree = "<group>"; };
/* End PBXFileReference section */

/* Begin PBXFrameworksBuildPhase section */
		3930BFC121E87E82000ECBDB /* Frameworks */ = {
			isa = PBXFrameworksBuildPhase;
			buildActionMask = 2147483647;
			files = (
			);
			runOnlyForDeploymentPostprocessing = 0;
		};
/* End PBXFrameworksBuildPhase section */

/* Begin PBXGroup section */
		3930BFBB21E87E82000ECBDB = {
			isa = PBXGroup;
			children = (
				3930BFC621E87E82000ECBDB /* ATZoomBounceAnimation */,
				3930BFC521E87E82000ECBDB /* Products */,
			);
			sourceTree = "<group>";
		};
		3930BFC521E87E82000ECBDB /* Products */ = {
			isa = PBXGroup;
			children = (
				3930BFC421E87E82000ECBDB /* ATZoomBounceAnimation.app */,
			);
			name = Products;
			sourceTree = "<group>";
		};
		3930BFC621E87E82000ECBDB /* ATZoomBounceAnimation */ = {
			isa = PBXGroup;
			children = (
				3930BFDD21E883C1000ECBDB /* ATZoomBounceAnimation.swift */,
				3930BFC721E87E82000ECBDB /* AppDelegate.swift */,
				3930BFC921E87E83000ECBDB /* ViewController.swift */,
				3930BFDB21E88306000ECBDB /* DetailViewController.swift */,
				3930BFCB21E87E83000ECBDB /* Main.storyboard */,
				3930BFCE21E87E8E000ECBDB /* Assets.xcassets */,
				3930BFD021E87E8E000ECBDB /* LaunchScreen.storyboard */,
				3930BFD321E87E8E000ECBDB /* Info.plist */,
			);
			path = ATZoomBounceAnimation;
			sourceTree = "<group>";
		};
/* End PBXGroup section */

/* Begin PBXNativeTarget section */
		3930BFC321E87E82000ECBDB /* ATZoomBounceAnimation */ = {
			isa = PBXNativeTarget;
			buildConfigurationList = 3930BFD621E87E8E000ECBDB /* Build configuration list for PBXNativeTarget "ATZoomBounceAnimation" */;
			buildPhases = (
				3930BFC021E87E82000ECBDB /* Sources */,
				3930BFC121E87E82000ECBDB /* Frameworks */,
				3930BFC221E87E82000ECBDB /* Resources */,
			);
			buildRules = (
			);
			dependencies = (
			);
			name = ATZoomBounceAnimation;
			productName = ATZoomBounceAnimation;
			productReference = 3930BFC421E87E82000ECBDB /* ATZoomBounceAnimation.app */;
			productType = "com.apple.product-type.application";
		};
/* End PBXNativeTarget section */

/* Begin PBXProject section */
		3930BFBC21E87E82000ECBDB /* Project object */ = {
			isa = PBXProject;
			attributes = {
				LastSwiftUpdateCheck = 1010;
				LastUpgradeCheck = 1010;
				ORGANIZATIONNAME = "Ashish Tripathi";
				TargetAttributes = {
					3930BFC321E87E82000ECBDB = {
						CreatedOnToolsVersion = 10.1;
					};
				};
			};
			buildConfigurationList = 3930BFBF21E87E82000ECBDB /* Build configuration list for PBXProject "ATZoomBounceAnimation" */;
			compatibilityVersion = "Xcode 9.3";
			developmentRegion = en;
			hasScannedForEncodings = 0;
			knownRegions = (
				en,
				Base,
			);
			mainGroup = 3930BFBB21E87E82000ECBDB;
			productRefGroup = 3930BFC521E87E82000ECBDB /* Products */;
			projectDirPath = "";
			projectRoot = "";
			targets = (
				3930BFC321E87E82000ECBDB /* ATZoomBounceAnimation */,
			);
		};
/* End PBXProject section */

/* Begin PBXResourcesBuildPhase section */
		3930BFC221E87E82000ECBDB /* Resources */ = {
			isa = PBXResourcesBuildPhase;
			buildActionMask = 2147483647;
			files = (
				3930BFD221E87E8E000ECBDB /* LaunchScreen.storyboard in Resources */,
				3930BFCF21E87E8E000ECBDB /* Assets.xcassets in Resources */,
				3930BFCD21E87E83000ECBDB /* Main.storyboard in Resources */,
			);
			runOnlyForDeploymentPostprocessing = 0;
		};
/* End PBXResourcesBuildPhase section */

/* Begin PBXSourcesBuildPhase section */
		3930BFC021E87E82000ECBDB /* Sources */ = {
			isa = PBXSourcesBuildPhase;
			buildActionMask = 2147483647;
			files = (
				3930BFCA21E87E83000ECBDB /* ViewController.swift in Sources */,
				3930BFC821E87E82000ECBDB /* AppDelegate.swift in Sources */,
				3930BFDC21E88306000ECBDB /* DetailViewController.swift in Sources */,
				3930BFDE21E883C1000ECBDB /* ATZoomBounceAnimation.swift in Sources */,
			);
			runOnlyForDeploymentPostprocessing = 0;
		};
/* End PBXSourcesBuildPhase section */

/* Begin PBXVariantGroup section */
		3930BFCB21E87E83000ECBDB /* Main.storyboard */ = {
			isa = PBXVariantGroup;
			children = (
				3930BFCC21E87E83000ECBDB /* Base */,
			);
			name = Main.storyboard;
			sourceTree = "<group>";
		};
		3930BFD021E87E8E000ECBDB /* LaunchScreen.storyboard */ = {
			isa = PBXVariantGroup;
			children = (
				3930BFD121E87E8E000ECBDB /* Base */,
			);
			name = LaunchScreen.storyboard;
			sourceTree = "<group>";
		};
/* End PBXVariantGroup section */

/* Begin XCBuildConfiguration section */
		3930BFD421E87E8E000ECBDB /* Debug */ = {
			isa = XCBuildConfiguration;
			buildSettings = {
				ALWAYS_SEARCH_USER_PATHS = NO;
				CLANG_ANALYZER_NONNULL = YES;
				CLANG_ANALYZER_NUMBER_OBJECT_CONVERSION = YES_AGGRESSIVE;
				CLANG_CXX_LANGUAGE_STANDARD = "gnu++14";
				CLANG_CXX_LIBRARY = "libc++";
				CLANG_ENABLE_MODULES = YES;
				CLANG_ENABLE_OBJC_ARC = YES;
				CLANG_ENABLE_OBJC_WEAK = YES;
				CLANG_WARN_BLOCK_CAPTURE_AUTORELEASING = YES;
				CLANG_WARN_BOOL_CONVERSION = YES;
				CLANG_WARN_COMMA = YES;
				CLANG_WARN_CONSTANT_CONVERSION = YES;
				CLANG_WARN_DEPRECATED_OBJC_IMPLEMENTATIONS = YES;
				CLANG_WARN_DIRECT_OBJC_ISA_USAGE = YES_ERROR;
				CLANG_WARN_DOCUMENTATION_COMMENTS = YES;
				CLANG_WARN_EMPTY_BODY = YES;
				CLANG_WARN_ENUM_CONVERSION = YES;
				CLANG_WARN_INFINITE_RECURSION = YES;
				CLANG_WARN_INT_CONVERSION = YES;
				CLANG_WARN_NON_LITERAL_NULL_CONVERSION = YES;
				CLANG_WARN_OBJC_IMPLICIT_RETAIN_SELF = YES;
				CLANG_WARN_OBJC_LITERAL_CONVERSION = YES;
				CLANG_WARN_OBJC_ROOT_CLASS = YES_ERROR;
				CLANG_WARN_RANGE_LOOP_ANALYSIS = YES;
				CLANG_WARN_STRICT_PROTOTYPES = YES;
				CLANG_WARN_SUSPICIOUS_MOVE = YES;
				CLANG_WARN_UNGUARDED_AVAILABILITY = YES_AGGRESSIVE;
				CLANG_WARN_UNREACHABLE_CODE = YES;
				CLANG_WARN__DUPLICATE_METHOD_MATCH = YES;
				CODE_SIGN_IDENTITY = "iPhone Developer";
				COPY_PHASE_STRIP = NO;
				DEBUG_INFORMATION_FORMAT = dwarf;
				ENABLE_STRICT_OBJC_MSGSEND = YES;
				ENABLE_TESTABILITY = YES;
				GCC_C_LANGUAGE_STANDARD = gnu11;
				GCC_DYNAMIC_NO_PIC = NO;
				GCC_NO_COMMON_BLOCKS = YES;
				GCC_OPTIMIZATION_LEVEL = 0;
				GCC_PREPROCESSOR_DEFINITIONS = (
					"DEBUG=1",
					"$(inherited)",
				);
				GCC_WARN_64_TO_32_BIT_CONVERSION = YES;
				GCC_WARN_ABOUT_RETURN_TYPE = YES_ERROR;
				GCC_WARN_UNDECLARED_SELECTOR = YES;
				GCC_WARN_UNINITIALIZED_AUTOS = YES_AGGRESSIVE;
				GCC_WARN_UNUSED_FUNCTION = YES;
				GCC_WARN_UNUSED_VARIABLE = YES;
				IPHONEOS_DEPLOYMENT_TARGET = 12.1;
				MTL_ENABLE_DEBUG_INFO = INCLUDE_SOURCE;
				MTL_FAST_MATH = YES;
				ONLY_ACTIVE_ARCH = YES;
				SDKROOT = iphoneos;
				SWIFT_ACTIVE_COMPILATION_CONDITIONS = DEBUG;
				SWIFT_OPTIMIZATION_LEVEL = "-Onone";
			};
			name = Debug;
		};
		3930BFD521E87E8E000ECBDB /* Release */ = {
			isa = XCBuildConfiguration;
			buildSettings = {
				ALWAYS_SEARCH_USER_PATHS = NO;
				CLANG_ANALYZER_NONNULL = YES;
				CLANG_ANALYZER_NUMBER_OBJECT_CONVERSION = YES_AGGRESSIVE;
				CLANG_CXX_LANGUAGE_STANDARD = "gnu++14";
				CLANG_CXX_LIBRARY = "libc++";
				CLANG_ENABLE_MODULES = YES;
				CLANG_ENABLE_OBJC_ARC = YES;
				CLANG_ENABLE_OBJC_WEAK = YES;
				CLANG_WARN_BLOCK_CAPTURE_AUTORELEASING = YES;
				CLANG_WARN_BOOL_CONVERSION = YES;
				CLANG_WARN_COMMA = YES;
				CLANG_WARN_CONSTANT_CONVERSION = YES;
				CLANG_WARN_DEPRECATED_OBJC_IMPLEMENTATIONS = YES;
				CLANG_WARN_DIRECT_OBJC_ISA_USAGE = YES_ERROR;
				CLANG_WARN_DOCUMENTATION_COMMENTS = YES;
				CLANG_WARN_EMPTY_BODY = YES;
				CLANG_WARN_ENUM_CONVERSION = YES;
				CLANG_WARN_INFINITE_RECURSION = YES;
				CLANG_WARN_INT_CONVERSION = YES;
				CLANG_WARN_NON_LITERAL_NULL_CONVERSION = YES;
				CLANG_WARN_OBJC_IMPLICIT_RETAIN_SELF = YES;
				CLANG_WARN_OBJC_LITERAL_CONVERSION = YES;
				CLANG_WARN_OBJC_ROOT_CLASS = YES_ERROR;
				CLANG_WARN_RANGE_LOOP_ANALYSIS = YES;
				CLANG_WARN_STRICT_PROTOTYPES = YES;
				CLANG_WARN_SUSPICIOUS_MOVE = YES;
				CLANG_WARN_UNGUARDED_AVAILABILITY = YES_AGGRESSIVE;
				CLANG_WARN_UNREACHABLE_CODE = YES;
				CLANG_WARN__DUPLICATE_METHOD_MATCH = YES;
				CODE_SIGN_IDENTITY = "iPhone Developer";
				COPY_PHASE_STRIP = NO;
				DEBUG_INFORMATION_FORMAT = "dwarf-with-dsym";
				ENABLE_NS_ASSERTIONS = NO;
				ENABLE_STRICT_OBJC_MSGSEND = YES;
				GCC_C_LANGUAGE_STANDARD = gnu11;
				GCC_NO_COMMON_BLOCKS = YES;
				GCC_WARN_64_TO_32_BIT_CONVERSION = YES;
				GCC_WARN_ABOUT_RETURN_TYPE = YES_ERROR;
				GCC_WARN_UNDECLARED_SELECTOR = YES;
				GCC_WARN_UNINITIALIZED_AUTOS = YES_AGGRESSIVE;
				GCC_WARN_UNUSED_FUNCTION = YES;
				GCC_WARN_UNUSED_VARIABLE = YES;
				IPHONEOS_DEPLOYMENT_TARGET = 12.1;
				MTL_ENABLE_DEBUG_INFO = NO;
				MTL_FAST_MATH = YES;
				SDKROOT = iphoneos;
				SWIFT_COMPILATION_MODE = wholemodule;
				SWIFT_OPTIMIZATION_LEVEL = "-O";
				VALIDATE_PRODUCT = YES;
			};
			name = Release;
		};
		3930BFD721E87E8E000ECBDB /* Debug */ = {
			isa = XCBuildConfiguration;
			buildSettings = {
				ASSETCATALOG_COMPILER_APPICON_NAME = AppIcon;
				CODE_SIGN_STYLE = Automatic;
				DEVELOPMENT_TEAM = YH8P2UYFR5;
				INFOPLIST_FILE = ATZoomBounceAnimation/Info.plist;
				LD_RUNPATH_SEARCH_PATHS = (
					"$(inherited)",
					"@executable_path/Frameworks",
				);
				PRODUCT_BUNDLE_IDENTIFIER = ashishtripathi.ATZoomBounceAnimation;
				PRODUCT_NAME = "$(TARGET_NAME)";
				SWIFT_VERSION = 4.2;
				TARGETED_DEVICE_FAMILY = "1,2";
			};
			name = Debug;
		};
		3930BFD821E87E8E000ECBDB /* Release */ = {
			isa = XCBuildConfiguration;
			buildSettings = {
				ASSETCATALOG_COMPILER_APPICON_NAME = AppIcon;
				CODE_SIGN_STYLE = Automatic;
				DEVELOPMENT_TEAM = YH8P2UYFR5;
				INFOPLIST_FILE = ATZoomBounceAnimation/Info.plist;
				LD_RUNPATH_SEARCH_PATHS = (
					"$(inherited)",
					"@executable_path/Frameworks",
				);
				PRODUCT_BUNDLE_IDENTIFIER = ashishtripathi.ATZoomBounceAnimation;
				PRODUCT_NAME = "$(TARGET_NAME)";
				SWIFT_VERSION = 4.2;
				TARGETED_DEVICE_FAMILY = "1,2";
			};
			name = Release;
		};
/* End XCBuildConfiguration section */

/* Begin XCConfigurationList section */
		3930BFBF21E87E82000ECBDB /* Build configuration list for PBXProject "ATZoomBounceAnimation" */ = {
			isa = XCConfigurationList;
			buildConfigurations = (
				3930BFD421E87E8E000ECBDB /* Debug */,
				3930BFD521E87E8E000ECBDB /* Release */,
			);
			defaultConfigurationIsVisible = 0;
			defaultConfigurationName = Release;
		};
		3930BFD621E87E8E000ECBDB /* Build configuration list for PBXNativeTarget "ATZoomBounceAnimation" */ = {
			isa = XCConfigurationList;
			buildConfigurations = (
				3930BFD721E87E8E000ECBDB /* Debug */,
				3930BFD821E87E8E000ECBDB /* Release */,
			);
			defaultConfigurationIsVisible = 0;
			defaultConfigurationName = Release;
		};
/* End XCConfigurationList section */
	};
	rootObject = 3930BFBC21E87E82000ECBDB /* Project object */;
}
